{
  "originHash" : "68fadfc584e2fa15c2ded78132d252a033cd0933acf4608ca5feb3815a407809",
  "pins" : [
    {
      "identity" : "intercom-ios-sp",
      "kind" : "remoteSourceControl",
      "location" : "https://github.com/intercom/intercom-ios-sp",
      "state" : {
        "revision" : "44156c72b76d6aa1ab5029f21339444326a23220",
        "version" : "19.3.4"
      }
    },
    {
      "identity" : "nwwebsocket",
      "kind" : "remoteSourceControl",
      "location" : "https://github.com/pusher/NWWebSocket.git",
      "state" : {
        "revision" : "da32dcf230d9b627a9ef9d79b83605d12b3fbcbd",
        "version" : "0.5.7"
      }
    },
    {
      "identity" : "pusher-websocket-swift",
      "kind" : "remoteSourceControl",
      "location" : "https://github.com/pusher/pusher-websocket-swift.git",
      "state" : {
        "revision" : "886341f9dad453c9822f2525136ee2006a6c3c9e",
        "version" : "10.1.5"
      }
    },
    {
      "identity" : "tweetnacl-swiftwrap",
      "kind" : "remoteSourceControl",
      "location" : "https://github.com/bitmark-inc/tweetnacl-swiftwrap",
      "state" : {
        "revision" : "f8fd111642bf2336b11ef9ea828510693106e954",
        "version" : "1.1.0"
      }
    }
  ],
  "version" : 3
}
